
Microsoft Visual Studio Solution File, Format Version 12.00
# Visual Studio Version 16
VisualStudioVersion = 16.0.30523.141
MinimumVisualStudioVersion = 10.0.40219.1
Project("{FAE04EC0-301F-11D3-BF4B-00C04F79EFBC}") = "Classassignment", "Classassignment\Classassignment.csproj", "{C0C15647-CC75-4268-A5ED-EAE21B27777D}"
EndProject
Project("{FAE04EC0-301F-11D3-BF4B-00C04F79EFBC}") = "UnitTesting", "UnitTesting\UnitTesting.csproj", "{018C1D2F-8C30-4B8A-87C1-A6EF4FDED31E}"
EndProject
Global
	GlobalSection(SolutionConfigurationPlatforms) = preSolution
		Debug|Any CPU = Debug|Any CPU
		Release|Any CPU = Release|Any CPU
	EndGlobalSection
	GlobalSection(ProjectConfigurationPlatforms) = postSolution
		{C0C15647-CC75-4268-A5ED-EAE21B27777D}.Debug|Any CPU.ActiveCfg = Debug|Any CPU
		{C0C15647-CC75-4268-A5ED-EAE21B27777D}.Debug|Any CPU.Build.0 = Debug|Any CPU
		{C0C15647-CC75-4268-A5ED-EAE21B27777D}.Release|Any CPU.ActiveCfg = Release|Any CPU
		{C0C15647-CC75-4268-A5ED-EAE21B27777D}.Release|Any CPU.Build.0 = Release|Any CPU
		{018C1D2F-8C30-4B8A-87C1-A6EF4FDED31E}.Debug|Any CPU.ActiveCfg = Debug|Any CPU
		{018C1D2F-8C30-4B8A-87C1-A6EF4FDED31E}.Debug|Any CPU.Build.0 = Debug|Any CPU
		{018C1D2F-8C30-4B8A-87C1-A6EF4FDED31E}.Release|Any CPU.ActiveCfg = Release|Any CPU
		{018C1D2F-8C30-4B8A-87C1-A6EF4FDED31E}.Release|Any CPU.Build.0 = Release|Any CPU
	EndGlobalSection
	GlobalSection(SolutionProperties) = preSolution
		HideSolutionNode = FALSE
	EndGlobalSection
	GlobalSection(ExtensibilityGlobals) = postSolution
		SolutionGuid = {81BC5419-503C-474F-8F4A-2661ADD84CED}
	EndGlobalSection
EndGlobal
